
Microsoft Visual Studio Solution File, Format Version 12.00
# Visual Studio 14
VisualStudioVersion = 14.0.25420.1
MinimumVisualStudioVersion = 10.0.40219.1
Project("{9092AA53-FB77-4645-B42D-1CCCA6BD08BD}") = "robo-rally", "robo-rally.njsproj", "{00918F05-D922-4813-8BA9-8D84D407DD5A}"
EndProject
Project("{FAE04EC0-301F-11D3-BF4B-00C04F79EFBC}") = "robo-rally-client", "..\robo-rally-client\robo-rally-client.csproj", "{676F420A-C28E-4AB3-8F9B-C9E0078DEA3B}"
EndProject
Global
	GlobalSection(SolutionConfigurationPlatforms) = preSolution
		Debug|Any CPU = Debug|Any CPU
		Release|Any CPU = Release|Any CPU
	EndGlobalSection
	GlobalSection(ProjectConfigurationPlatforms) = postSolution
		{00918F05-D922-4813-8BA9-8D84D407DD5A}.Debug|Any CPU.ActiveCfg = Debug|Any CPU
		{00918F05-D922-4813-8BA9-8D84D407DD5A}.Debug|Any CPU.Build.0 = Debug|Any CPU
		{00918F05-D922-4813-8BA9-8D84D407DD5A}.Release|Any CPU.ActiveCfg = Release|Any CPU
		{00918F05-D922-4813-8BA9-8D84D407DD5A}.Release|Any CPU.Build.0 = Release|Any CPU
		{676F420A-C28E-4AB3-8F9B-C9E0078DEA3B}.Debug|Any CPU.ActiveCfg = Debug|Any CPU
		{676F420A-C28E-4AB3-8F9B-C9E0078DEA3B}.Debug|Any CPU.Build.0 = Debug|Any CPU
		{676F420A-C28E-4AB3-8F9B-C9E0078DEA3B}.Release|Any CPU.ActiveCfg = Release|Any CPU
		{676F420A-C28E-4AB3-8F9B-C9E0078DEA3B}.Release|Any CPU.Build.0 = Release|Any CPU
	EndGlobalSection
	GlobalSection(SolutionProperties) = preSolution
		HideSolutionNode = FALSE
	EndGlobalSection
EndGlobal
